
Microsoft Visual Studio Solution File, Format Version 12.00
# Visual Studio Version 17
VisualStudioVersion = 17.7.34202.233
MinimumVisualStudioVersion = 10.0.40219.1
Project("{FAE04EC0-301F-11D3-BF4B-00C04F79EFBC}") = "ApiWithStartup", "ApiWithStartup\ApiWithStartup.csproj", "{B2B4FC18-DCAB-4C9A-9B77-2F6A4D8D3E85}"
EndProject
Global
	GlobalSection(SolutionConfigurationPlatforms) = preSolution
		Debug|Any CPU = Debug|Any CPU
		Release|Any CPU = Release|Any CPU
	EndGlobalSection
	GlobalSection(ProjectConfigurationPlatforms) = postSolution
		{B2B4FC18-DCAB-4C9A-9B77-2F6A4D8D3E85}.Debug|Any CPU.ActiveCfg = Debug|Any CPU
		{B2B4FC18-DCAB-4C9A-9B77-2F6A4D8D3E85}.Debug|Any CPU.Build.0 = Debug|Any CPU
		{B2B4FC18-DCAB-4C9A-9B77-2F6A4D8D3E85}.Release|Any CPU.ActiveCfg = Release|Any CPU
		{B2B4FC18-DCAB-4C9A-9B77-2F6A4D8D3E85}.Release|Any CPU.Build.0 = Release|Any CPU
	EndGlobalSection
	GlobalSection(SolutionProperties) = preSolution
		HideSolutionNode = FALSE
	EndGlobalSection
	GlobalSection(ExtensibilityGlobals) = postSolution
		SolutionGuid = {454EC48C-6657-4987-9764-D457F2060A38}
	EndGlobalSection
EndGlobal
